
Microsoft Visual Studio Solution File, Format Version 12.00
# Visual Studio 15
VisualStudioVersion = 15.0.28307.271
MinimumVisualStudioVersion = 10.0.40219.1
Project("{FAE04EC0-301F-11D3-BF4B-00C04F79EFBC}") = "Hisoka", "Hisoka\Hisoka.csproj", "{CFEBFCF6-4FFB-431D-A04E-49E2184D6001}"
EndProject
Project("{FAE04EC0-301F-11D3-BF4B-00C04F79EFBC}") = "Hisoka.Tests", "..\test\Hisoka.Tests\Hisoka.Tests.csproj", "{0AE64599-4E0A-427C-8FE4-BDA74C3481EC}"
EndProject
Global
	GlobalSection(SolutionConfigurationPlatforms) = preSolution
		Debug|Any CPU = Debug|Any CPU
		Release|Any CPU = Release|Any CPU
	EndGlobalSection
	GlobalSection(ProjectConfigurationPlatforms) = postSolution
		{CFEBFCF6-4FFB-431D-A04E-49E2184D6001}.Debug|Any CPU.ActiveCfg = Debug|Any CPU
		{CFEBFCF6-4FFB-431D-A04E-49E2184D6001}.Debug|Any CPU.Build.0 = Debug|Any CPU
		{CFEBFCF6-4FFB-431D-A04E-49E2184D6001}.Release|Any CPU.ActiveCfg = Release|Any CPU
		{CFEBFCF6-4FFB-431D-A04E-49E2184D6001}.Release|Any CPU.Build.0 = Release|Any CPU
		{0AE64599-4E0A-427C-8FE4-BDA74C3481EC}.Debug|Any CPU.ActiveCfg = Debug|Any CPU
		{0AE64599-4E0A-427C-8FE4-BDA74C3481EC}.Debug|Any CPU.Build.0 = Debug|Any CPU
		{0AE64599-4E0A-427C-8FE4-BDA74C3481EC}.Release|Any CPU.ActiveCfg = Release|Any CPU
		{0AE64599-4E0A-427C-8FE4-BDA74C3481EC}.Release|Any CPU.Build.0 = Release|Any CPU
	EndGlobalSection
	GlobalSection(SolutionProperties) = preSolution
		HideSolutionNode = FALSE
	EndGlobalSection
	GlobalSection(ExtensibilityGlobals) = postSolution
		SolutionGuid = {1FD852AA-126B-4207-8E78-47F484795037}
	EndGlobalSection
EndGlobal
